
Microsoft Visual Studio Solution File, Format Version 12.00
# Visual Studio 15
VisualStudioVersion = 15.0.28010.2036
MinimumVisualStudioVersion = 10.0.40219.1
Project("{FAE04EC0-301F-11D3-BF4B-00C04F79EFBC}") = "WhatToWatch", "WhatToWatch\WhatToWatch.csproj", "{20427A99-7E39-426D-9E73-6B166C353404}"
EndProject
Global
	GlobalSection(SolutionConfigurationPlatforms) = preSolution
		Debug|Any CPU = Debug|Any CPU
		Release|Any CPU = Release|Any CPU
	EndGlobalSection
	GlobalSection(ProjectConfigurationPlatforms) = postSolution
		{20427A99-7E39-426D-9E73-6B166C353404}.Debug|Any CPU.ActiveCfg = Debug|Any CPU
		{20427A99-7E39-426D-9E73-6B166C353404}.Debug|Any CPU.Build.0 = Debug|Any CPU
		{20427A99-7E39-426D-9E73-6B166C353404}.Release|Any CPU.ActiveCfg = Release|Any CPU
		{20427A99-7E39-426D-9E73-6B166C353404}.Release|Any CPU.Build.0 = Release|Any CPU
	EndGlobalSection
	GlobalSection(SolutionProperties) = preSolution
		HideSolutionNode = FALSE
	EndGlobalSection
	GlobalSection(ExtensibilityGlobals) = postSolution
		SolutionGuid = {DBFD89E2-27BD-481C-A32F-AFDAD168B5D7}
	EndGlobalSection
EndGlobal
